
Microsoft Visual Studio Solution File, Format Version 12.00
# Visual Studio Version 16
VisualStudioVersion = 16.0.29920.165
MinimumVisualStudioVersion = 10.0.40219.1
Project("{FAE04EC0-301F-11D3-BF4B-00C04F79EFBC}") = "game", "game\game.csproj", "{BF3288A5-447B-4DF0-AF7B-3673DA24AD96}"
EndProject
Project("{2150E333-8FDC-42A3-9474-1A3956D46DE8}") = "Solution Items", "Solution Items", "{B52AD078-6B30-4352-A198-90C4251F9C6E}"
EndProject
Global
	GlobalSection(SolutionConfigurationPlatforms) = preSolution
		Debug|Any CPU = Debug|Any CPU
		Release|Any CPU = Release|Any CPU
	EndGlobalSection
	GlobalSection(ProjectConfigurationPlatforms) = postSolution
		{BF3288A5-447B-4DF0-AF7B-3673DA24AD96}.Debug|Any CPU.ActiveCfg = Debug|Any CPU
		{BF3288A5-447B-4DF0-AF7B-3673DA24AD96}.Debug|Any CPU.Build.0 = Debug|Any CPU
		{BF3288A5-447B-4DF0-AF7B-3673DA24AD96}.Release|Any CPU.ActiveCfg = Release|Any CPU
		{BF3288A5-447B-4DF0-AF7B-3673DA24AD96}.Release|Any CPU.Build.0 = Release|Any CPU
	EndGlobalSection
	GlobalSection(SolutionProperties) = preSolution
		HideSolutionNode = FALSE
	EndGlobalSection
	GlobalSection(ExtensibilityGlobals) = postSolution
		SolutionGuid = {44D18DEB-FCFE-41E2-89C0-4E194CBEEE39}
	EndGlobalSection
EndGlobal
